{
  "nodes": {
    "home-manager": {
      "inputs": {
        "nixpkgs": [
          "nixpkgs"
        ]
      },
      "locked": {
        "lastModified": 1686852570,
        "narHash": "sha256-Hzufya/HxjSliCwpuLJCGY0WCQajzcpsnhFGa+TCkCM=",
        "owner": "nix-community",
        "repo": "home-manager",
        "rev": "4e09c83255c5b23d58714d56672d3946faf1bcef",
        "type": "github"
      },
      "original": {
        "owner": "nix-community",
        "repo": "home-manager",
        "type": "github"
      }
    },
    "nixpkgs": {
      "locked": {
        "lastModified": 1686592866,
        "narHash": "sha256-riGg89eWhXJcPNrQGcSwTEEm7CGxWC06oSX44hajeMw=",
        "owner": "nixos",
        "repo": "nixpkgs",
        "rev": "0eeebd64de89e4163f4d3cf34ffe925a5cf67a05",
        "type": "github"
      },
      "original": {
        "owner": "nixos",
        "ref": "nixos-unstable",
        "repo": "nixpkgs",
        "type": "github"
      }
    },
    "nixpkgsUnstable": {
      "locked": {
        "lastModified": 1686891614,
        "narHash": "sha256-U9fILL3WCEU2t2ac7PCrzT5iF0h7NlwIDktGVpUAWlo=",
        "owner": "NixOS",
        "repo": "nixpkgs",
        "rev": "01d3f6f7a8d84a91cc1ab821a3b21e8c0ec5b8b7",
        "type": "github"
      },
      "original": {
        "owner": "NixOS",
        "ref": "master",
        "repo": "nixpkgs",
        "type": "github"
      }
    },
    "root": {
      "inputs": {
        "home-manager": "home-manager",
        "nixpkgs": "nixpkgs",
        "nixpkgsUnstable": "nixpkgsUnstable"
      }
    }
  },
  "root": "root",
  "version": 7
}
